// !$*UTF8*$!
{
	archiveVersion = 1;
	classes = {
	};
	objectVersion = 56;
	objects = {

/* Begin PBXBuildFile section */
		8CB7B5AD2CC6C8F000235BD0 /* ExamenApp.swift in Sources */ = {isa = PBXBuildFile; fileRef = 8CB7B5AC2CC6C8F000235BD0 /* ExamenApp.swift */; };
		8CB7B5AF2CC6C8F000235BD0 /* FoodListView.swift in Sources */ = {isa = PBXBuildFile; fileRef = 8CB7B5AE2CC6C8F000235BD0 /* FoodListView.swift */; };
		8CB7B5B12CC6C8F000235BD0 /* Item.swift in Sources */ = {isa = PBXBuildFile; fileRef = 8CB7B5B02CC6C8F000235BD0 /* Item.swift */; };
		8CB7B5B32CC6C8F200235BD0 /* Assets.xcassets in Resources */ = {isa = PBXBuildFile; fileRef = 8CB7B5B22CC6C8F200235BD0 /* Assets.xcassets */; };
		8CB7B5B62CC6C8F200235BD0 /* Preview Assets.xcassets in Resources */ = {isa = PBXBuildFile; fileRef = 8CB7B5B52CC6C8F200235BD0 /* Preview Assets.xcassets */; };
		8CB7B5C02CC6C8F200235BD0 /* ExamenTests.swift in Sources */ = {isa = PBXBuildFile; fileRef = 8CB7B5BF2CC6C8F200235BD0 /* ExamenTests.swift */; };
		8CB7B5CA2CC6C8F200235BD0 /* ExamenUITests.swift in Sources */ = {isa = PBXBuildFile; fileRef = 8CB7B5C92CC6C8F200235BD0 /* ExamenUITests.swift */; };
		8CB7B5CC2CC6C8F200235BD0 /* ExamenUITestsLaunchTests.swift in Sources */ = {isa = PBXBuildFile; fileRef = 8CB7B5CB2CC6C8F200235BD0 /* ExamenUITestsLaunchTests.swift */; };
		8CB7B5DA2CC6CBA800235BD0 /* FoodDetailView.swift in Sources */ = {isa = PBXBuildFile; fileRef = 8CB7B5D92CC6CBA800235BD0 /* FoodDetailView.swift */; };
		8CB7B5DC2CC6CBB700235BD0 /* FilterButtonStyle.swift in Sources */ = {isa = PBXBuildFile; fileRef = 8CB7B5DB2CC6CBB700235BD0 /* FilterButtonStyle.swift */; };
		8CB7B5DF2CC6CD7000235BD0 /* Food.swift in Sources */ = {isa = PBXBuildFile; fileRef = 8CB7B5DE2CC6CD7000235BD0 /* Food.swift */; };
		8CB7B5E22CC6D14500235BD0 /* FoodService.swift in Sources */ = {isa = PBXBuildFile; fileRef = 8CB7B5E12CC6D14500235BD0 /* FoodService.swift */; };
		8CB7B5E42CC6D22A00235BD0 /* SearchBar.swift in Sources */ = {isa = PBXBuildFile; fileRef = 8CB7B5E32CC6D22A00235BD0 /* SearchBar.swift */; };
/* End PBXBuildFile section */

/* Begin PBXContainerItemProxy section */
		8CB7B5BC2CC6C8F200235BD0 /* PBXContainerItemProxy */ = {
			isa = PBXContainerItemProxy;
			containerPortal = 8CB7B5A12CC6C8F000235BD0 /* Project object */;
			proxyType = 1;
			remoteGlobalIDString = 8CB7B5A82CC6C8F000235BD0;
			remoteInfo = Examen;
		};
		8CB7B5C62CC6C8F200235BD0 /* PBXContainerItemProxy */ = {
			isa = PBXContainerItemProxy;
			containerPortal = 8CB7B5A12CC6C8F000235BD0 /* Project object */;
			proxyType = 1;
			remoteGlobalIDString = 8CB7B5A82CC6C8F000235BD0;
			remoteInfo = Examen;
		};
/* End PBXContainerItemProxy section */

/* Begin PBXFileReference section */
		8CB7B5A92CC6C8F000235BD0 /* Examen.app */ = {isa = PBXFileReference; explicitFileType = wrapper.application; includeInIndex = 0; path = Examen.app; sourceTree = BUILT_PRODUCTS_DIR; };
		8CB7B5AC2CC6C8F000235BD0 /* ExamenApp.swift */ = {isa = PBXFileReference; lastKnownFileType = sourcecode.swift; path = ExamenApp.swift; sourceTree = "<group>"; };
		8CB7B5AE2CC6C8F000235BD0 /* FoodListView.swift */ = {isa = PBXFileReference; lastKnownFileType = sourcecode.swift; path = FoodListView.swift; sourceTree = "<group>"; };
		8CB7B5B02CC6C8F000235BD0 /* Item.swift */ = {isa = PBXFileReference; lastKnownFileType = sourcecode.swift; path = Item.swift; sourceTree = "<group>"; };
		8CB7B5B22CC6C8F200235BD0 /* Assets.xcassets */ = {isa = PBXFileReference; lastKnownFileType = folder.assetcatalog; path = Assets.xcassets; sourceTree = "<group>"; };
		8CB7B5B52CC6C8F200235BD0 /* Preview Assets.xcassets */ = {isa = PBXFileReference; lastKnownFileType = folder.assetcatalog; path = "Preview Assets.xcassets"; sourceTree = "<group>"; };
		8CB7B5BB2CC6C8F200235BD0 /* ExamenTests.xctest */ = {isa = PBXFileReference; explicitFileType = wrapper.cfbundle; includeInIndex = 0; path = ExamenTests.xctest; sourceTree = BUILT_PRODUCTS_DIR; };
		8CB7B5BF2CC6C8F200235BD0 /* ExamenTests.swift */ = {isa = PBXFileReference; lastKnownFileType = sourcecode.swift; path = ExamenTests.swift; sourceTree = "<group>"; };
		8CB7B5C52CC6C8F200235BD0 /* ExamenUITests.xctest */ = {isa = PBXFileReference; explicitFileType = wrapper.cfbundle; includeInIndex = 0; path = ExamenUITests.xctest; sourceTree = BUILT_PRODUCTS_DIR; };
		8CB7B5C92CC6C8F200235BD0 /* ExamenUITests.swift */ = {isa = PBXFileReference; lastKnownFileType = sourcecode.swift; path = ExamenUITests.swift; sourceTree = "<group>"; };
		8CB7B5CB2CC6C8F200235BD0 /* ExamenUITestsLaunchTests.swift */ = {isa = PBXFileReference; lastKnownFileType = sourcecode.swift; path = ExamenUITestsLaunchTests.swift; sourceTree = "<group>"; };
		8CB7B5D92CC6CBA800235BD0 /* FoodDetailView.swift */ = {isa = PBXFileReference; lastKnownFileType = sourcecode.swift; path = FoodDetailView.swift; sourceTree = "<group>"; };
		8CB7B5DB2CC6CBB700235BD0 /* FilterButtonStyle.swift */ = {isa = PBXFileReference; lastKnownFileType = sourcecode.swift; path = FilterButtonStyle.swift; sourceTree = "<group>"; };
		8CB7B5DE2CC6CD7000235BD0 /* Food.swift */ = {isa = PBXFileReference; lastKnownFileType = sourcecode.swift; path = Food.swift; sourceTree = "<group>"; };
		8CB7B5E12CC6D14500235BD0 /* FoodService.swift */ = {isa = PBXFileReference; lastKnownFileType = sourcecode.swift; path = FoodService.swift; sourceTree = "<group>"; };
		8CB7B5E32CC6D22A00235BD0 /* SearchBar.swift */ = {isa = PBXFileReference; lastKnownFileType = sourcecode.swift; path = SearchBar.swift; sourceTree = "<group>"; };
/* End PBXFileReference section */

/* Begin PBXFrameworksBuildPhase section */
		8CB7B5A62CC6C8F000235BD0 /* Frameworks */ = {
			isa = PBXFrameworksBuildPhase;
			buildActionMask = 2147483647;
			files = (
			);
			runOnlyForDeploymentPostprocessing = 0;
		};
		8CB7B5B82CC6C8F200235BD0 /* Frameworks */ = {
			isa = PBXFrameworksBuildPhase;
			buildActionMask = 2147483647;
			files = (
			);
			runOnlyForDeploymentPostprocessing = 0;
		};
		8CB7B5C22CC6C8F200235BD0 /* Frameworks */ = {
			isa = PBXFrameworksBuildPhase;
			buildActionMask = 2147483647;
			files = (
			);
			runOnlyForDeploymentPostprocessing = 0;
		};
/* End PBXFrameworksBuildPhase section */

/* Begin PBXGroup section */
		8CB7B5A02CC6C8F000235BD0 = {
			isa = PBXGroup;
			children = (
				8CB7B5AB2CC6C8F000235BD0 /* Examen */,
				8CB7B5BE2CC6C8F200235BD0 /* ExamenTests */,
				8CB7B5C82CC6C8F200235BD0 /* ExamenUITests */,
				8CB7B5AA2CC6C8F000235BD0 /* Products */,
			);
			sourceTree = "<group>";
		};
		8CB7B5AA2CC6C8F000235BD0 /* Products */ = {
			isa = PBXGroup;
			children = (
				8CB7B5A92CC6C8F000235BD0 /* Examen.app */,
				8CB7B5BB2CC6C8F200235BD0 /* ExamenTests.xctest */,
				8CB7B5C52CC6C8F200235BD0 /* ExamenUITests.xctest */,
			);
			name = Products;
			sourceTree = "<group>";
		};
		8CB7B5AB2CC6C8F000235BD0 /* Examen */ = {
			isa = PBXGroup;
			children = (
				8CB7B5E02CC6D13000235BD0 /* Services */,
				8CB7B5DD2CC6CD4B00235BD0 /* Models */,
				8CB7B5D82CC6CB8500235BD0 /* Views */,
				8CB7B5AC2CC6C8F000235BD0 /* ExamenApp.swift */,
				8CB7B5B02CC6C8F000235BD0 /* Item.swift */,
				8CB7B5B22CC6C8F200235BD0 /* Assets.xcassets */,
				8CB7B5B42CC6C8F200235BD0 /* Preview Content */,
			);
			path = Examen;
			sourceTree = "<group>";
		};
		8CB7B5B42CC6C8F200235BD0 /* Preview Content */ = {
			isa = PBXGroup;
			children = (
				8CB7B5B52CC6C8F200235BD0 /* Preview Assets.xcassets */,
			);
			path = "Preview Content";
			sourceTree = "<group>";
		};
		8CB7B5BE2CC6C8F200235BD0 /* ExamenTests */ = {
			isa = PBXGroup;
			children = (
				8CB7B5BF2CC6C8F200235BD0 /* ExamenTests.swift */,
			);
			path = ExamenTests;
			sourceTree = "<group>";
		};
		8CB7B5C82CC6C8F200235BD0 /* ExamenUITests */ = {
			isa = PBXGroup;
			children = (
				8CB7B5C92CC6C8F200235BD0 /* ExamenUITests.swift */,
				8CB7B5CB2CC6C8F200235BD0 /* ExamenUITestsLaunchTests.swift */,
			);
			path = ExamenUITests;
			sourceTree = "<group>";
		};
		8CB7B5D82CC6CB8500235BD0 /* Views */ = {
			isa = PBXGroup;
			children = (
				8CB7B5AE2CC6C8F000235BD0 /* FoodListView.swift */,
				8CB7B5D92CC6CBA800235BD0 /* FoodDetailView.swift */,
				8CB7B5DB2CC6CBB700235BD0 /* FilterButtonStyle.swift */,
				8CB7B5E32CC6D22A00235BD0 /* SearchBar.swift */,
			);
			path = Views;
			sourceTree = "<group>";
		};
		8CB7B5DD2CC6CD4B00235BD0 /* Models */ = {
			isa = PBXGroup;
			children = (
				8CB7B5DE2CC6CD7000235BD0 /* Food.swift */,
			);
			path = Models;
			sourceTree = "<group>";
		};
		8CB7B5E02CC6D13000235BD0 /* Services */ = {
			isa = PBXGroup;
			children = (
				8CB7B5E12CC6D14500235BD0 /* FoodService.swift */,
			);
			path = Services;
			sourceTree = "<group>";
		};
/* End PBXGroup section */

/* Begin PBXNativeTarget section */
		8CB7B5A82CC6C8F000235BD0 /* Examen */ = {
			isa = PBXNativeTarget;
			buildConfigurationList = 8CB7B5CF2CC6C8F200235BD0 /* Build configuration list for PBXNativeTarget "Examen" */;
			buildPhases = (
				8CB7B5A52CC6C8F000235BD0 /* Sources */,
				8CB7B5A62CC6C8F000235BD0 /* Frameworks */,
				8CB7B5A72CC6C8F000235BD0 /* Resources */,
			);
			buildRules = (
			);
			dependencies = (
			);
			name = Examen;
			productName = Examen;
			productReference = 8CB7B5A92CC6C8F000235BD0 /* Examen.app */;
			productType = "com.apple.product-type.application";
		};
		8CB7B5BA2CC6C8F200235BD0 /* ExamenTests */ = {
			isa = PBXNativeTarget;
			buildConfigurationList = 8CB7B5D22CC6C8F200235BD0 /* Build configuration list for PBXNativeTarget "ExamenTests" */;
			buildPhases = (
				8CB7B5B72CC6C8F200235BD0 /* Sources */,
				8CB7B5B82CC6C8F200235BD0 /* Frameworks */,
				8CB7B5B92CC6C8F200235BD0 /* Resources */,
			);
			buildRules = (
			);
			dependencies = (
				8CB7B5BD2CC6C8F200235BD0 /* PBXTargetDependency */,
			);
			name = ExamenTests;
			productName = ExamenTests;
			productReference = 8CB7B5BB2CC6C8F200235BD0 /* ExamenTests.xctest */;
			productType = "com.apple.product-type.bundle.unit-test";
		};
		8CB7B5C42CC6C8F200235BD0 /* ExamenUITests */ = {
			isa = PBXNativeTarget;
			buildConfigurationList = 8CB7B5D52CC6C8F200235BD0 /* Build configuration list for PBXNativeTarget "ExamenUITests" */;
			buildPhases = (
				8CB7B5C12CC6C8F200235BD0 /* Sources */,
				8CB7B5C22CC6C8F200235BD0 /* Frameworks */,
				8CB7B5C32CC6C8F200235BD0 /* Resources */,
			);
			buildRules = (
			);
			dependencies = (
				8CB7B5C72CC6C8F200235BD0 /* PBXTargetDependency */,
			);
			name = ExamenUITests;
			productName = ExamenUITests;
			productReference = 8CB7B5C52CC6C8F200235BD0 /* ExamenUITests.xctest */;
			productType = "com.apple.product-type.bundle.ui-testing";
		};
/* End PBXNativeTarget section */

/* Begin PBXProject section */
		8CB7B5A12CC6C8F000235BD0 /* Project object */ = {
			isa = PBXProject;
			attributes = {
				BuildIndependentTargetsInParallel = 1;
				LastSwiftUpdateCheck = 1500;
				LastUpgradeCheck = 1500;
				TargetAttributes = {
					8CB7B5A82CC6C8F000235BD0 = {
						CreatedOnToolsVersion = 15.0;
					};
					8CB7B5BA2CC6C8F200235BD0 = {
						CreatedOnToolsVersion = 15.0;
						TestTargetID = 8CB7B5A82CC6C8F000235BD0;
					};
					8CB7B5C42CC6C8F200235BD0 = {
						CreatedOnToolsVersion = 15.0;
						TestTargetID = 8CB7B5A82CC6C8F000235BD0;
					};
				};
			};
			buildConfigurationList = 8CB7B5A42CC6C8F000235BD0 /* Build configuration list for PBXProject "Examen" */;
			compatibilityVersion = "Xcode 14.0";
			developmentRegion = en;
			hasScannedForEncodings = 0;
			knownRegions = (
				en,
				Base,
			);
			mainGroup = 8CB7B5A02CC6C8F000235BD0;
			packageReferences = (
				8CB7B5E52CC6D6EB00235BD0 /* XCRemoteSwiftPackageReference "Examen2DANP" */,
			);
			productRefGroup = 8CB7B5AA2CC6C8F000235BD0 /* Products */;
			projectDirPath = "";
			projectRoot = "";
			targets = (
				8CB7B5A82CC6C8F000235BD0 /* Examen */,
				8CB7B5BA2CC6C8F200235BD0 /* ExamenTests */,
				8CB7B5C42CC6C8F200235BD0 /* ExamenUITests */,
			);
		};
/* End PBXProject section */

/* Begin PBXResourcesBuildPhase section */
		8CB7B5A72CC6C8F000235BD0 /* Resources */ = {
			isa = PBXResourcesBuildPhase;
			buildActionMask = 2147483647;
			files = (
				8CB7B5B62CC6C8F200235BD0 /* Preview Assets.xcassets in Resources */,
				8CB7B5B32CC6C8F200235BD0 /* Assets.xcassets in Resources */,
			);
			runOnlyForDeploymentPostprocessing = 0;
		};
		8CB7B5B92CC6C8F200235BD0 /* Resources */ = {
			isa = PBXResourcesBuildPhase;
			buildActionMask = 2147483647;
			files = (
			);
			runOnlyForDeploymentPostprocessing = 0;
		};
		8CB7B5C32CC6C8F200235BD0 /* Resources */ = {
			isa = PBXResourcesBuildPhase;
			buildActionMask = 2147483647;
			files = (
			);
			runOnlyForDeploymentPostprocessing = 0;
		};
/* End PBXResourcesBuildPhase section */

/* Begin PBXSourcesBuildPhase section */
		8CB7B5A52CC6C8F000235BD0 /* Sources */ = {
			isa = PBXSourcesBuildPhase;
			buildActionMask = 2147483647;
			files = (
				8CB7B5DA2CC6CBA800235BD0 /* FoodDetailView.swift in Sources */,
				8CB7B5AF2CC6C8F000235BD0 /* FoodListView.swift in Sources */,
				8CB7B5B12CC6C8F000235BD0 /* Item.swift in Sources */,
				8CB7B5DC2CC6CBB700235BD0 /* FilterButtonStyle.swift in Sources */,
				8CB7B5AD2CC6C8F000235BD0 /* ExamenApp.swift in Sources */,
				8CB7B5E42CC6D22A00235BD0 /* SearchBar.swift in Sources */,
				8CB7B5E22CC6D14500235BD0 /* FoodService.swift in Sources */,
				8CB7B5DF2CC6CD7000235BD0 /* Food.swift in Sources */,
			);
			runOnlyForDeploymentPostprocessing = 0;
		};
		8CB7B5B72CC6C8F200235BD0 /* Sources */ = {
			isa = PBXSourcesBuildPhase;
			buildActionMask = 2147483647;
			files = (
				8CB7B5C02CC6C8F200235BD0 /* ExamenTests.swift in Sources */,
			);
			runOnlyForDeploymentPostprocessing = 0;
		};
		8CB7B5C12CC6C8F200235BD0 /* Sources */ = {
			isa = PBXSourcesBuildPhase;
			buildActionMask = 2147483647;
			files = (
				8CB7B5CC2CC6C8F200235BD0 /* ExamenUITestsLaunchTests.swift in Sources */,
				8CB7B5CA2CC6C8F200235BD0 /* ExamenUITests.swift in Sources */,
			);
			runOnlyForDeploymentPostprocessing = 0;
		};
/* End PBXSourcesBuildPhase section */

/* Begin PBXTargetDependency section */
		8CB7B5BD2CC6C8F200235BD0 /* PBXTargetDependency */ = {
			isa = PBXTargetDependency;
			target = 8CB7B5A82CC6C8F000235BD0 /* Examen */;
			targetProxy = 8CB7B5BC2CC6C8F200235BD0 /* PBXContainerItemProxy */;
		};
		8CB7B5C72CC6C8F200235BD0 /* PBXTargetDependency */ = {
			isa = PBXTargetDependency;
			target = 8CB7B5A82CC6C8F000235BD0 /* Examen */;
			targetProxy = 8CB7B5C62CC6C8F200235BD0 /* PBXContainerItemProxy */;
		};
/* End PBXTargetDependency section */

/* Begin XCBuildConfiguration section */
		8CB7B5CD2CC6C8F200235BD0 /* Debug */ = {
			isa = XCBuildConfiguration;
			buildSettings = {
				ALWAYS_SEARCH_USER_PATHS = NO;
				ASSETCATALOG_COMPILER_GENERATE_SWIFT_ASSET_SYMBOL_EXTENSIONS = YES;
				CLANG_ANALYZER_NONNULL = YES;
				CLANG_ANALYZER_NUMBER_OBJECT_CONVERSION = YES_AGGRESSIVE;
				CLANG_CXX_LANGUAGE_STANDARD = "gnu++20";
				CLANG_ENABLE_MODULES = YES;
				CLANG_ENABLE_OBJC_ARC = YES;
				CLANG_ENABLE_OBJC_WEAK = YES;
				CLANG_WARN_BLOCK_CAPTURE_AUTORELEASING = YES;
				CLANG_WARN_BOOL_CONVERSION = YES;
				CLANG_WARN_COMMA = YES;
				CLANG_WARN_CONSTANT_CONVERSION = YES;
				CLANG_WARN_DEPRECATED_OBJC_IMPLEMENTATIONS = YES;
				CLANG_WARN_DIRECT_OBJC_ISA_USAGE = YES_ERROR;
				CLANG_WARN_DOCUMENTATION_COMMENTS = YES;
				CLANG_WARN_EMPTY_BODY = YES;
				CLANG_WARN_ENUM_CONVERSION = YES;
				CLANG_WARN_INFINITE_RECURSION = YES;
				CLANG_WARN_INT_CONVERSION = YES;
				CLANG_WARN_NON_LITERAL_NULL_CONVERSION = YES;
				CLANG_WARN_OBJC_IMPLICIT_RETAIN_SELF = YES;
				CLANG_WARN_OBJC_LITERAL_CONVERSION = YES;
				CLANG_WARN_OBJC_ROOT_CLASS = YES_ERROR;
				CLANG_WARN_QUOTED_INCLUDE_IN_FRAMEWORK_HEADER = YES;
				CLANG_WARN_RANGE_LOOP_ANALYSIS = YES;
				CLANG_WARN_STRICT_PROTOTYPES = YES;
				CLANG_WARN_SUSPICIOUS_MOVE = YES;
				CLANG_WARN_UNGUARDED_AVAILABILITY = YES_AGGRESSIVE;
				CLANG_WARN_UNREACHABLE_CODE = YES;
				CLANG_WARN__DUPLICATE_METHOD_MATCH = YES;
				COPY_PHASE_STRIP = NO;
				DEBUG_INFORMATION_FORMAT = dwarf;
				ENABLE_STRICT_OBJC_MSGSEND = YES;
				ENABLE_TESTABILITY = YES;
				ENABLE_USER_SCRIPT_SANDBOXING = YES;
				GCC_C_LANGUAGE_STANDARD = gnu17;
				GCC_DYNAMIC_NO_PIC = NO;
				GCC_NO_COMMON_BLOCKS = YES;
				GCC_OPTIMIZATION_LEVEL = 0;
				GCC_PREPROCESSOR_DEFINITIONS = (
					"DEBUG=1",
					"$(inherited)",
				);
				GCC_WARN_64_TO_32_BIT_CONVERSION = YES;
				GCC_WARN_ABOUT_RETURN_TYPE = YES_ERROR;
				GCC_WARN_UNDECLARED_SELECTOR = YES;
				GCC_WARN_UNINITIALIZED_AUTOS = YES_AGGRESSIVE;
				GCC_WARN_UNUSED_FUNCTION = YES;
				GCC_WARN_UNUSED_VARIABLE = YES;
				IPHONEOS_DEPLOYMENT_TARGET = 17.0;
				LOCALIZATION_PREFERS_STRING_CATALOGS = YES;
				MTL_ENABLE_DEBUG_INFO = INCLUDE_SOURCE;
				MTL_FAST_MATH = YES;
				ONLY_ACTIVE_ARCH = YES;
				SDKROOT = iphoneos;
				SWIFT_ACTIVE_COMPILATION_CONDITIONS = "DEBUG $(inherited)";
				SWIFT_OPTIMIZATION_LEVEL = "-Onone";
			};
			name = Debug;
		};
		8CB7B5CE2CC6C8F200235BD0 /* Release */ = {
			isa = XCBuildConfiguration;
			buildSettings = {
				ALWAYS_SEARCH_USER_PATHS = NO;
				ASSETCATALOG_COMPILER_GENERATE_SWIFT_ASSET_SYMBOL_EXTENSIONS = YES;
				CLANG_ANALYZER_NONNULL = YES;
				CLANG_ANALYZER_NUMBER_OBJECT_CONVERSION = YES_AGGRESSIVE;
				CLANG_CXX_LANGUAGE_STANDARD = "gnu++20";
				CLANG_ENABLE_MODULES = YES;
				CLANG_ENABLE_OBJC_ARC = YES;
				CLANG_ENABLE_OBJC_WEAK = YES;
				CLANG_WARN_BLOCK_CAPTURE_AUTORELEASING = YES;
				CLANG_WARN_BOOL_CONVERSION = YES;
				CLANG_WARN_COMMA = YES;
				CLANG_WARN_CONSTANT_CONVERSION = YES;
				CLANG_WARN_DEPRECATED_OBJC_IMPLEMENTATIONS = YES;
				CLANG_WARN_DIRECT_OBJC_ISA_USAGE = YES_ERROR;
				CLANG_WARN_DOCUMENTATION_COMMENTS = YES;
				CLANG_WARN_EMPTY_BODY = YES;
				CLANG_WARN_ENUM_CONVERSION = YES;
				CLANG_WARN_INFINITE_RECURSION = YES;
				CLANG_WARN_INT_CONVERSION = YES;
				CLANG_WARN_NON_LITERAL_NULL_CONVERSION = YES;
				CLANG_WARN_OBJC_IMPLICIT_RETAIN_SELF = YES;
				CLANG_WARN_OBJC_LITERAL_CONVERSION = YES;
				CLANG_WARN_OBJC_ROOT_CLASS = YES_ERROR;
				CLANG_WARN_QUOTED_INCLUDE_IN_FRAMEWORK_HEADER = YES;
				CLANG_WARN_RANGE_LOOP_ANALYSIS = YES;
				CLANG_WARN_STRICT_PROTOTYPES = YES;
				CLANG_WARN_SUSPICIOUS_MOVE = YES;
				CLANG_WARN_UNGUARDED_AVAILABILITY = YES_AGGRESSIVE;
				CLANG_WARN_UNREACHABLE_CODE = YES;
				CLANG_WARN__DUPLICATE_METHOD_MATCH = YES;
				COPY_PHASE_STRIP = NO;
				DEBUG_INFORMATION_FORMAT = "dwarf-with-dsym";
				ENABLE_NS_ASSERTIONS = NO;
				ENABLE_STRICT_OBJC_MSGSEND = YES;
				ENABLE_USER_SCRIPT_SANDBOXING = YES;
				GCC_C_LANGUAGE_STANDARD = gnu17;
				GCC_NO_COMMON_BLOCKS = YES;
				GCC_WARN_64_TO_32_BIT_CONVERSION = YES;
				GCC_WARN_ABOUT_RETURN_TYPE = YES_ERROR;
				GCC_WARN_UNDECLARED_SELECTOR = YES;
				GCC_WARN_UNINITIALIZED_AUTOS = YES_AGGRESSIVE;
				GCC_WARN_UNUSED_FUNCTION = YES;
				GCC_WARN_UNUSED_VARIABLE = YES;
				IPHONEOS_DEPLOYMENT_TARGET = 17.0;
				LOCALIZATION_PREFERS_STRING_CATALOGS = YES;
				MTL_ENABLE_DEBUG_INFO = NO;
				MTL_FAST_MATH = YES;
				SDKROOT = iphoneos;
				SWIFT_COMPILATION_MODE = wholemodule;
				VALIDATE_PRODUCT = YES;
			};
			name = Release;
		};
		8CB7B5D02CC6C8F200235BD0 /* Debug */ = {
			isa = XCBuildConfiguration;
			buildSettings = {
				ASSETCATALOG_COMPILER_APPICON_NAME = AppIcon;
				ASSETCATALOG_COMPILER_GLOBAL_ACCENT_COLOR_NAME = AccentColor;
				CODE_SIGN_STYLE = Automatic;
				CURRENT_PROJECT_VERSION = 1;
				DEVELOPMENT_ASSET_PATHS = "\"Examen/Preview Content\"";
				ENABLE_PREVIEWS = YES;
				GENERATE_INFOPLIST_FILE = YES;
				INFOPLIST_KEY_UIApplicationSceneManifest_Generation = YES;
				INFOPLIST_KEY_UIApplicationSupportsIndirectInputEvents = YES;
				INFOPLIST_KEY_UILaunchScreen_Generation = YES;
				INFOPLIST_KEY_UISupportedInterfaceOrientations_iPad = "UIInterfaceOrientationPortrait UIInterfaceOrientationPortraitUpsideDown UIInterfaceOrientationLandscapeLeft UIInterfaceOrientationLandscapeRight";
				INFOPLIST_KEY_UISupportedInterfaceOrientations_iPhone = "UIInterfaceOrientationPortrait UIInterfaceOrientationLandscapeLeft UIInterfaceOrientationLandscapeRight";
				LD_RUNPATH_SEARCH_PATHS = (
					"$(inherited)",
					"@executable_path/Frameworks",
				);
				MARKETING_VERSION = 1.0;
				PRODUCT_BUNDLE_IDENTIFIER = Xcode.Examen;
				PRODUCT_NAME = "$(TARGET_NAME)";
				SWIFT_EMIT_LOC_STRINGS = YES;
				SWIFT_VERSION = 5.0;
				TARGETED_DEVICE_FAMILY = "1,2";
			};
			name = Debug;
		};
		8CB7B5D12CC6C8F200235BD0 /* Release */ = {
			isa = XCBuildConfiguration;
			buildSettings = {
				ASSETCATALOG_COMPILER_APPICON_NAME = AppIcon;
				ASSETCATALOG_COMPILER_GLOBAL_ACCENT_COLOR_NAME = AccentColor;
				CODE_SIGN_STYLE = Automatic;
				CURRENT_PROJECT_VERSION = 1;
				DEVELOPMENT_ASSET_PATHS = "\"Examen/Preview Content\"";
				ENABLE_PREVIEWS = YES;
				GENERATE_INFOPLIST_FILE = YES;
				INFOPLIST_KEY_UIApplicationSceneManifest_Generation = YES;
				INFOPLIST_KEY_UIApplicationSupportsIndirectInputEvents = YES;
				INFOPLIST_KEY_UILaunchScreen_Generation = YES;
				INFOPLIST_KEY_UISupportedInterfaceOrientations_iPad = "UIInterfaceOrientationPortrait UIInterfaceOrientationPortraitUpsideDown UIInterfaceOrientationLandscapeLeft UIInterfaceOrientationLandscapeRight";
				INFOPLIST_KEY_UISupportedInterfaceOrientations_iPhone = "UIInterfaceOrientationPortrait UIInterfaceOrientationLandscapeLeft UIInterfaceOrientationLandscapeRight";
				LD_RUNPATH_SEARCH_PATHS = (
					"$(inherited)",
					"@executable_path/Frameworks",
				);
				MARKETING_VERSION = 1.0;
				PRODUCT_BUNDLE_IDENTIFIER = Xcode.Examen;
				PRODUCT_NAME = "$(TARGET_NAME)";
				SWIFT_EMIT_LOC_STRINGS = YES;
				SWIFT_VERSION = 5.0;
				TARGETED_DEVICE_FAMILY = "1,2";
			};
			name = Release;
		};
		8CB7B5D32CC6C8F200235BD0 /* Debug */ = {
			isa = XCBuildConfiguration;
			buildSettings = {
				ALWAYS_EMBED_SWIFT_STANDARD_LIBRARIES = YES;
				BUNDLE_LOADER = "$(TEST_HOST)";
				CODE_SIGN_STYLE = Automatic;
				CURRENT_PROJECT_VERSION = 1;
				GENERATE_INFOPLIST_FILE = YES;
				IPHONEOS_DEPLOYMENT_TARGET = 17.0;
				MARKETING_VERSION = 1.0;
				PRODUCT_BUNDLE_IDENTIFIER = Xcode.ExamenTests;
				PRODUCT_NAME = "$(TARGET_NAME)";
				SWIFT_EMIT_LOC_STRINGS = NO;
				SWIFT_VERSION = 5.0;
				TARGETED_DEVICE_FAMILY = "1,2";
				TEST_HOST = "$(BUILT_PRODUCTS_DIR)/Examen.app/$(BUNDLE_EXECUTABLE_FOLDER_PATH)/Examen";
			};
			name = Debug;
		};
		8CB7B5D42CC6C8F200235BD0 /* Release */ = {
			isa = XCBuildConfiguration;
			buildSettings = {
				ALWAYS_EMBED_SWIFT_STANDARD_LIBRARIES = YES;
				BUNDLE_LOADER = "$(TEST_HOST)";
				CODE_SIGN_STYLE = Automatic;
				CURRENT_PROJECT_VERSION = 1;
				GENERATE_INFOPLIST_FILE = YES;
				IPHONEOS_DEPLOYMENT_TARGET = 17.0;
				MARKETING_VERSION = 1.0;
				PRODUCT_BUNDLE_IDENTIFIER = Xcode.ExamenTests;
				PRODUCT_NAME = "$(TARGET_NAME)";
				SWIFT_EMIT_LOC_STRINGS = NO;
				SWIFT_VERSION = 5.0;
				TARGETED_DEVICE_FAMILY = "1,2";
				TEST_HOST = "$(BUILT_PRODUCTS_DIR)/Examen.app/$(BUNDLE_EXECUTABLE_FOLDER_PATH)/Examen";
			};
			name = Release;
		};
		8CB7B5D62CC6C8F200235BD0 /* Debug */ = {
			isa = XCBuildConfiguration;
			buildSettings = {
				ALWAYS_EMBED_SWIFT_STANDARD_LIBRARIES = YES;
				CODE_SIGN_STYLE = Automatic;
				CURRENT_PROJECT_VERSION = 1;
				GENERATE_INFOPLIST_FILE = YES;
				MARKETING_VERSION = 1.0;
				PRODUCT_BUNDLE_IDENTIFIER = Xcode.ExamenUITests;
				PRODUCT_NAME = "$(TARGET_NAME)";
				SWIFT_EMIT_LOC_STRINGS = NO;
				SWIFT_VERSION = 5.0;
				TARGETED_DEVICE_FAMILY = "1,2";
				TEST_TARGET_NAME = Examen;
			};
			name = Debug;
		};
		8CB7B5D72CC6C8F200235BD0 /* Release */ = {
			isa = XCBuildConfiguration;
			buildSettings = {
				ALWAYS_EMBED_SWIFT_STANDARD_LIBRARIES = YES;
				CODE_SIGN_STYLE = Automatic;
				CURRENT_PROJECT_VERSION = 1;
				GENERATE_INFOPLIST_FILE = YES;
				MARKETING_VERSION = 1.0;
				PRODUCT_BUNDLE_IDENTIFIER = Xcode.ExamenUITests;
				PRODUCT_NAME = "$(TARGET_NAME)";
				SWIFT_EMIT_LOC_STRINGS = NO;
				SWIFT_VERSION = 5.0;
				TARGETED_DEVICE_FAMILY = "1,2";
				TEST_TARGET_NAME = Examen;
			};
			name = Release;
		};
/* End XCBuildConfiguration section */

/* Begin XCConfigurationList section */
		8CB7B5A42CC6C8F000235BD0 /* Build configuration list for PBXProject "Examen" */ = {
			isa = XCConfigurationList;
			buildConfigurations = (
				8CB7B5CD2CC6C8F200235BD0 /* Debug */,
				8CB7B5CE2CC6C8F200235BD0 /* Release */,
			);
			defaultConfigurationIsVisible = 0;
			defaultConfigurationName = Release;
		};
		8CB7B5CF2CC6C8F200235BD0 /* Build configuration list for PBXNativeTarget "Examen" */ = {
			isa = XCConfigurationList;
			buildConfigurations = (
				8CB7B5D02CC6C8F200235BD0 /* Debug */,
				8CB7B5D12CC6C8F200235BD0 /* Release */,
			);
			defaultConfigurationIsVisible = 0;
			defaultConfigurationName = Release;
		};
		8CB7B5D22CC6C8F200235BD0 /* Build configuration list for PBXNativeTarget "ExamenTests" */ = {
			isa = XCConfigurationList;
			buildConfigurations = (
				8CB7B5D32CC6C8F200235BD0 /* Debug */,
				8CB7B5D42CC6C8F200235BD0 /* Release */,
			);
			defaultConfigurationIsVisible = 0;
			defaultConfigurationName = Release;
		};
		8CB7B5D52CC6C8F200235BD0 /* Build configuration list for PBXNativeTarget "ExamenUITests" */ = {
			isa = XCConfigurationList;
			buildConfigurations = (
				8CB7B5D62CC6C8F200235BD0 /* Debug */,
				8CB7B5D72CC6C8F200235BD0 /* Release */,
			);
			defaultConfigurationIsVisible = 0;
			defaultConfigurationName = Release;
		};
/* End XCConfigurationList section */

/* Begin XCRemoteSwiftPackageReference section */
		8CB7B5E52CC6D6EB00235BD0 /* XCRemoteSwiftPackageReference "Examen2DANP" */ = {
			isa = XCRemoteSwiftPackageReference;
			repositoryURL = "https://github.com/AndersonRivera159/Examen2DANP.git";
			requirement = {
				kind = upToNextMajorVersion;
				minimumVersion = 1.0.0;
			};
		};
/* End XCRemoteSwiftPackageReference section */
	};
	rootObject = 8CB7B5A12CC6C8F000235BD0 /* Project object */;
}
